
Microsoft Visual Studio Solution File, Format Version 12.00
# Visual Studio 15
VisualStudioVersion = 15.0.28307.271
MinimumVisualStudioVersion = 10.0.40219.1
Project("{FAE04EC0-301F-11D3-BF4B-00C04F79EFBC}") = "YazLab21", "YazLab21\YazLab21.csproj", "{41B6C82D-E070-45E9-97D4-155907B9C473}"
EndProject
Global
	GlobalSection(SolutionConfigurationPlatforms) = preSolution
		Debug|Any CPU = Debug|Any CPU
		Debug|x86 = Debug|x86
		Release|Any CPU = Release|Any CPU
		Release|x86 = Release|x86
	EndGlobalSection
	GlobalSection(ProjectConfigurationPlatforms) = postSolution
		{41B6C82D-E070-45E9-97D4-155907B9C473}.Debug|Any CPU.ActiveCfg = Debug|Any CPU
		{41B6C82D-E070-45E9-97D4-155907B9C473}.Debug|Any CPU.Build.0 = Debug|Any CPU
		{41B6C82D-E070-45E9-97D4-155907B9C473}.Debug|x86.ActiveCfg = Debug|Any CPU
		{41B6C82D-E070-45E9-97D4-155907B9C473}.Debug|x86.Build.0 = Debug|Any CPU
		{41B6C82D-E070-45E9-97D4-155907B9C473}.Release|Any CPU.ActiveCfg = Release|Any CPU
		{41B6C82D-E070-45E9-97D4-155907B9C473}.Release|Any CPU.Build.0 = Release|Any CPU
		{41B6C82D-E070-45E9-97D4-155907B9C473}.Release|x86.ActiveCfg = Release|Any CPU
		{41B6C82D-E070-45E9-97D4-155907B9C473}.Release|x86.Build.0 = Release|Any CPU
	EndGlobalSection
	GlobalSection(SolutionProperties) = preSolution
		HideSolutionNode = FALSE
	EndGlobalSection
	GlobalSection(ExtensibilityGlobals) = postSolution
		SolutionGuid = {6080B6AE-8C48-47CA-9A5A-2A8510666600}
	EndGlobalSection
EndGlobal
